
Microsoft Visual Studio Solution File, Format Version 12.00
# Visual Studio Version 17
VisualStudioVersion = 17.3.32922.545
MinimumVisualStudioVersion = 10.0.40219.1
Project("{9A19103F-16F7-4668-BE54-9A1E7A4F7556}") = "PruebaNewShore", "PruebaNewShore\PruebaNewShore.csproj", "{2B98FE00-FA9F-46E9-A8E7-0DD0D5EBA7A2}"
EndProject
Project("{2150E333-8FDC-42A3-9474-1A3956D46DE8}") = "Services", "Services", "{E7ED3521-BEED-4CDD-BE8B-1635BE555187}"
EndProject
Project("{2150E333-8FDC-42A3-9474-1A3956D46DE8}") = "Models", "Models", "{14A65D0A-B990-4ABC-BD87-797ECAF20984}"
EndProject
Project("{FAE04EC0-301F-11D3-BF4B-00C04F79EFBC}") = "Services", "Services\Services.csproj", "{CA1BD219-F834-4A2F-B06B-1213B518BF10}"
EndProject
Project("{FAE04EC0-301F-11D3-BF4B-00C04F79EFBC}") = "Models_", "Models_\Models_.csproj", "{6ECDFA61-F75E-435F-B964-95789E72BFAF}"
EndProject
Global
	GlobalSection(SolutionConfigurationPlatforms) = preSolution
		Debug|Any CPU = Debug|Any CPU
		Release|Any CPU = Release|Any CPU
	EndGlobalSection
	GlobalSection(ProjectConfigurationPlatforms) = postSolution
		{2B98FE00-FA9F-46E9-A8E7-0DD0D5EBA7A2}.Debug|Any CPU.ActiveCfg = Debug|Any CPU
		{2B98FE00-FA9F-46E9-A8E7-0DD0D5EBA7A2}.Debug|Any CPU.Build.0 = Debug|Any CPU
		{2B98FE00-FA9F-46E9-A8E7-0DD0D5EBA7A2}.Release|Any CPU.ActiveCfg = Release|Any CPU
		{2B98FE00-FA9F-46E9-A8E7-0DD0D5EBA7A2}.Release|Any CPU.Build.0 = Release|Any CPU
		{CA1BD219-F834-4A2F-B06B-1213B518BF10}.Debug|Any CPU.ActiveCfg = Debug|Any CPU
		{CA1BD219-F834-4A2F-B06B-1213B518BF10}.Debug|Any CPU.Build.0 = Debug|Any CPU
		{CA1BD219-F834-4A2F-B06B-1213B518BF10}.Release|Any CPU.ActiveCfg = Release|Any CPU
		{CA1BD219-F834-4A2F-B06B-1213B518BF10}.Release|Any CPU.Build.0 = Release|Any CPU
		{6ECDFA61-F75E-435F-B964-95789E72BFAF}.Debug|Any CPU.ActiveCfg = Debug|Any CPU
		{6ECDFA61-F75E-435F-B964-95789E72BFAF}.Debug|Any CPU.Build.0 = Debug|Any CPU
		{6ECDFA61-F75E-435F-B964-95789E72BFAF}.Release|Any CPU.ActiveCfg = Release|Any CPU
		{6ECDFA61-F75E-435F-B964-95789E72BFAF}.Release|Any CPU.Build.0 = Release|Any CPU
	EndGlobalSection
	GlobalSection(SolutionProperties) = preSolution
		HideSolutionNode = FALSE
	EndGlobalSection
	GlobalSection(NestedProjects) = preSolution
		{CA1BD219-F834-4A2F-B06B-1213B518BF10} = {E7ED3521-BEED-4CDD-BE8B-1635BE555187}
		{6ECDFA61-F75E-435F-B964-95789E72BFAF} = {14A65D0A-B990-4ABC-BD87-797ECAF20984}
	EndGlobalSection
	GlobalSection(ExtensibilityGlobals) = postSolution
		SolutionGuid = {98B4C489-9F39-4C25-AB9F-4B64B2B5F838}
	EndGlobalSection
EndGlobal
